<?xml version="1.0" encoding="utf-8"?>
<Project ToolsVersion="4.0" xmlns="http://schemas.microsoft.com/developer/msbuild/2003">
  <ItemGroup>
    <Filter Include="Assets">
      <UniqueIdentifier>0df6ff57-3168-49c7-b366-b659a2abc81a</UniqueIdentifier>
      <Extensions>ico;cur;bmp;dds;dlg;fbx;rct;bin;rgs;gif;jpg;jpeg;jpe;resx;tga;tiff;tif;png;wav;mfcribbon-ms</Extensions>
    </Filter>
    <Filter Include="InitGame">
      <UniqueIdentifier>{ef01dc51-7d69-45aa-8863-a0e4d5a3fbf9}</UniqueIdentifier>
    </Filter>
    <Filter Include="BoxGame">
      <UniqueIdentifier>{c77d4605-0c0c-4ef7-9bc9-59353591f71d}</UniqueIdentifier>
    </Filter>
    <Filter Include="Common">
      <UniqueIdentifier>{c441f0a2-0fea-4592-966f-5e45f3a44953}</UniqueIdentifier>
    </Filter>
    <Filter Include="CrateGame">
      <UniqueIdentifier>{fb8a11aa-6f67-4064-a2d4-9b1d299882e2}</UniqueIdentifier>
    </Filter>
    <Filter Include="HillGame">
      <UniqueIdentifier>{8e2d066d-38f1-4094-baea-0c82c924bcd9}</UniqueIdentifier>
    </Filter>
    <Filter Include="MultiObjectGame">
      <UniqueIdentifier>{849a95db-0485-4b3c-867f-f480cbf5fe79}</UniqueIdentifier>
    </Filter>
    <Filter Include="MultiShapeGame">
      <UniqueIdentifier>{b5437f39-0cf2-44ec-baa1-975b300c681a}</UniqueIdentifier>
    </Filter>
    <Filter Include="HillAndWaveGame">
      <UniqueIdentifier>{1729d628-50ff-41e1-a3ab-efd4dd5e5b87}</UniqueIdentifier>
    </Filter>
    <Filter Include="LitHillGame">
      <UniqueIdentifier>{88e57a9f-9d87-4cc9-ba33-b8bdbcacf19a}</UniqueIdentifier>
    </Filter>
    <Filter Include="TransparentWaveGame">
      <UniqueIdentifier>{ec9b2db4-78cf-47bf-bca8-36517092dd95}</UniqueIdentifier>
    </Filter>
    <Filter Include="MirrorGame">
      <UniqueIdentifier>{69500f21-1f1f-4b82-b128-6865742d1617}</UniqueIdentifier>
    </Filter>
  </ItemGroup>
  <ItemGroup>
    <ClInclude Include="pch.h" />
    <ClInclude Include="StepTimer.h" />
    <ClInclude Include="InitGame\InitGame.h">
      <Filter>InitGame</Filter>
    </ClInclude>
    <ClInclude Include="BoxGame\BoxGame.h">
      <Filter>BoxGame</Filter>
    </ClInclude>
    <ClInclude Include="Common\d3dUtil.h">
      <Filter>Common</Filter>
    </ClInclude>
    <ClInclude Include="CrateGame\CrateGame.h">
      <Filter>CrateGame</Filter>
    </ClInclude>
    <ClInclude Include="HillGame\HillGame.h">
      <Filter>HillGame</Filter>
    </ClInclude>
    <ClInclude Include="MultiObjectGame\MultiObjectGame.h">
      <Filter>MultiObjectGame</Filter>
    </ClInclude>
    <ClInclude Include="MultiShapeGame\MultiShapeGame.h">
      <Filter>MultiShapeGame</Filter>
    </ClInclude>
    <ClInclude Include="HillAndWaveGame\HillAndWaveGame.h">
      <Filter>HillAndWaveGame</Filter>
    </ClInclude>
    <ClInclude Include="LitHillGame\LitHillGame.h">
      <Filter>LitHillGame</Filter>
    </ClInclude>
    <ClInclude Include="TransparentWaveGame\TransparentWaveGame.h">
      <Filter>TransparentWaveGame</Filter>
    </ClInclude>
    <ClInclude Include="MirrorGame\MirrorGame.h">
      <Filter>MirrorGame</Filter>
    </ClInclude>
    <ClInclude Include="Common\VertexStructuer.h">
      <Filter>Common</Filter>
    </ClInclude>
    <ClInclude Include="Common\Shape.h">
      <Filter>Common</Filter>
    </ClInclude>
    <ClInclude Include="Common\RenderObject.h">
      <Filter>Common</Filter>
    </ClInclude>
    <ClInclude Include="Common\LitShape.h">
      <Filter>Common</Filter>
    </ClInclude>
    <ClInclude Include="Common\LightStructuer.h">
      <Filter>Common</Filter>
    </ClInclude>
  </ItemGroup>
  <ItemGroup>
    <ClCompile Include="pch.cpp" />
    <ClCompile Include="Main.cpp" />
    <ClCompile Include="InitGame\InitGame.cpp">
      <Filter>InitGame</Filter>
    </ClCompile>
    <ClCompile Include="BoxGame\BoxGame.cpp">
      <Filter>BoxGame</Filter>
    </ClCompile>
    <ClCompile Include="Common\d3dUtil.cpp">
      <Filter>Common</Filter>
    </ClCompile>
    <ClCompile Include="CrateGame\CrateGame.cpp">
      <Filter>CrateGame</Filter>
    </ClCompile>
    <ClCompile Include="HillGame\HillGame.cpp">
      <Filter>HillGame</Filter>
    </ClCompile>
    <ClCompile Include="MultiObjectGame\MultiObjectGame.cpp">
      <Filter>MultiObjectGame</Filter>
    </ClCompile>
    <ClCompile Include="MultiShapeGame\MultiShapeGame.cpp">
      <Filter>MultiShapeGame</Filter>
    </ClCompile>
    <ClCompile Include="HillAndWaveGame\HillAndWaveGame.cpp">
      <Filter>HillAndWaveGame</Filter>
    </ClCompile>
    <ClCompile Include="LitHillGame\LitHillGame.cpp">
      <Filter>LitHillGame</Filter>
    </ClCompile>
    <ClCompile Include="TransparentWaveGame\TransparentWaveGame.cpp">
      <Filter>TransparentWaveGame</Filter>
    </ClCompile>
    <ClCompile Include="MirrorGame\MirrorGame.cpp">
      <Filter>MirrorGame</Filter>
    </ClCompile>
    <ClCompile Include="Common\Shape.cpp">
      <Filter>Common</Filter>
    </ClCompile>
    <ClCompile Include="Common\RenderObject.cpp">
      <Filter>Common</Filter>
    </ClCompile>
    <ClCompile Include="Common\LitShape.cpp">
      <Filter>Common</Filter>
    </ClCompile>
  </ItemGroup>
  <ItemGroup>
    <ResourceCompile Include="resource.rc" />
  </ItemGroup>
  <ItemGroup>
    <Image Include="directx.ico">
      <Filter>Assets</Filter>
    </Image>
    <Image Include="CrateGame\WoodCrate01.dds">
      <Filter>CrateGame</Filter>
    </Image>
    <Image Include="CrateGame\WoodCrate02.dds">
      <Filter>CrateGame</Filter>
    </Image>
  </ItemGroup>
  <ItemGroup>
    <Manifest Include="settings.manifest">
      <Filter>Assets</Filter>
    </Manifest>
  </ItemGroup>
  <ItemGroup>
    <FxCompile Include="CrateGame\Crate.hlsl">
      <Filter>CrateGame</Filter>
    </FxCompile>
    <FxCompile Include="BoxGame\Base.hlsl">
      <Filter>BoxGame</Filter>
    </FxCompile>
    <FxCompile Include="HillGame\Hill.hlsl">
      <Filter>HillGame</Filter>
    </FxCompile>
    <FxCompile Include="LitHillGame\LightHelper.hlsl">
      <Filter>LitHillGame</Filter>
    </FxCompile>
    <FxCompile Include="LitHillGame\Lighting.hlsl">
      <Filter>LitHillGame</Filter>
    </FxCompile>
    <FxCompile Include="TransparentWaveGame\Blending.hlsl">
      <Filter>TransparentWaveGame</Filter>
    </FxCompile>
  </ItemGroup>
  <ItemGroup>
    <None Include="packages.config" />
  </ItemGroup>
</Project>